
Microsoft Visual Studio Solution File, Format Version 12.00
# Visual Studio Version 16
VisualStudioVersion = 16.0.29215.179
MinimumVisualStudioVersion = 10.0.40219.1
Project("{FAE04EC0-301F-11D3-BF4B-00C04F79EFBC}") = "DataStructures_2", "DataStructures_2\DataStructures_2.csproj", "{0DF87A55-8D08-44A7-9B62-91FD17DB4B77}"
EndProject
Global
	GlobalSection(SolutionConfigurationPlatforms) = preSolution
		Debug|Any CPU = Debug|Any CPU
		Release|Any CPU = Release|Any CPU
	EndGlobalSection
	GlobalSection(ProjectConfigurationPlatforms) = postSolution
		{0DF87A55-8D08-44A7-9B62-91FD17DB4B77}.Debug|Any CPU.ActiveCfg = Debug|Any CPU
		{0DF87A55-8D08-44A7-9B62-91FD17DB4B77}.Debug|Any CPU.Build.0 = Debug|Any CPU
		{0DF87A55-8D08-44A7-9B62-91FD17DB4B77}.Release|Any CPU.ActiveCfg = Release|Any CPU
		{0DF87A55-8D08-44A7-9B62-91FD17DB4B77}.Release|Any CPU.Build.0 = Release|Any CPU
	EndGlobalSection
	GlobalSection(SolutionProperties) = preSolution
		HideSolutionNode = FALSE
	EndGlobalSection
	GlobalSection(ExtensibilityGlobals) = postSolution
		SolutionGuid = {2F966155-2BC7-404A-8D5F-89EB68673AB1}
	EndGlobalSection
EndGlobal
